
Microsoft Visual Studio Solution File, Format Version 12.00
# Visual Studio Version 17
VisualStudioVersion = 17.0.31903.59
MinimumVisualStudioVersion = 10.0.40219.1
Project("{9A19103F-16F7-4668-BE54-9A1E7A4F7556}") = "Net Core Web API", "Net Core Web API\Net Core Web API.csproj", "{9EC2D12A-E362-40EF-B0B8-73F588129EC8}"
EndProject
Project("{2150E333-8FDC-42A3-9474-1A3956D46DE8}") = "Solution Items", "Solution Items", "{700A606E-951F-41F0-A4EA-B911FE185CDE}"
	ProjectSection(SolutionItems) = preProject
		.editorconfig = .editorconfig
	EndProjectSection
EndProject
Global
	GlobalSection(SolutionConfigurationPlatforms) = preSolution
		Debug|Any CPU = Debug|Any CPU
		Release|Any CPU = Release|Any CPU
	EndGlobalSection
	GlobalSection(ProjectConfigurationPlatforms) = postSolution
		{9EC2D12A-E362-40EF-B0B8-73F588129EC8}.Debug|Any CPU.ActiveCfg = Debug|Any CPU
		{9EC2D12A-E362-40EF-B0B8-73F588129EC8}.Debug|Any CPU.Build.0 = Debug|Any CPU
		{9EC2D12A-E362-40EF-B0B8-73F588129EC8}.Release|Any CPU.ActiveCfg = Release|Any CPU
		{9EC2D12A-E362-40EF-B0B8-73F588129EC8}.Release|Any CPU.Build.0 = Release|Any CPU
	EndGlobalSection
	GlobalSection(SolutionProperties) = preSolution
		HideSolutionNode = FALSE
	EndGlobalSection
	GlobalSection(ExtensibilityGlobals) = postSolution
		SolutionGuid = {908C04FA-026C-473A-88A3-A44BA3D706EE}
	EndGlobalSection
EndGlobal
